<?xml version="1.0" encoding="utf-8"?>
<Project ToolsVersion="4.0" xmlns="http://schemas.microsoft.com/developer/msbuild/2003">
  <ItemGroup>
    <Filter Include="Source Files">
      <UniqueIdentifier>{4FC737F1-C7A5-4376-A066-2A32D752A2FF}</UniqueIdentifier>
      <Extensions>cpp;c;cc;cxx;def;odl;idl;hpj;bat;asm;asmx</Extensions>
    </Filter>
    <Filter Include="Header Files">
      <UniqueIdentifier>{93995380-89BD-4b04-88EB-625FBE52EBFB}</UniqueIdentifier>
      <Extensions>h;hpp;hxx;hm;inl;inc;xsd</Extensions>
    </Filter>
    <Filter Include="Resource Files">
      <UniqueIdentifier>{67DA6AB6-F800-4c08-8B7A-83BB121AAD01}</UniqueIdentifier>
      <Extensions>rc;ico;cur;bmp;dlg;rc2;rct;bin;rgs;gif;jpg;jpeg;jpe;resx;tiff;tif;png;wav;mfcribbon-ms</Extensions>
    </Filter>
  </ItemGroup>
  <ItemGroup>
    <Text Include="ReadMe.txt" />
  </ItemGroup>
  <ItemGroup>
    <ClInclude Include="stdafx.h">
      <Filter>Header Files</Filter>
    </ClInclude>
    <ClInclude Include="targetver.h">
      <Filter>Header Files</Filter>
    </ClInclude>
    <ClInclude Include="resource.h">
      <Filter>Header Files</Filter>
    </ClInclude>
    <ClInclude Include="resource1.h">
      <Filter>Header Files</Filter>
    </ClInclude>
    <ClInclude Include="resource2.h">
      <Filter>Header Files</Filter>
    </ClInclude>
    <ClInclude Include="MapEditor.h">
      <Filter>Header Files</Filter>
    </ClInclude>
    <ClInclude Include="Observer.h">
      <Filter>Header Files</Filter>
    </ClInclude>
    <ClInclude Include="ObservableMap.h">
      <Filter>Header Files</Filter>
    </ClInclude>
    <ClInclude Include="MEView.h">
      <Filter>Header Files</Filter>
    </ClInclude>
    <ClInclude Include="MEModel.h">
      <Filter>Header Files</Filter>
    </ClInclude>
    <ClInclude Include="MEController.h">
      <Filter>Header Files</Filter>
    </ClInclude>
    <ClInclude Include="C:\Users\d_caters\Desktop\345ItemsManager\345ItemsManager\Observer.h">
      <Filter>Header Files</Filter>
    </ClInclude>
    <ClInclude Include="C:\Users\d_caters\Desktop\345ItemsManager\345ItemsManager\ObservableIP.h">
      <Filter>Header Files</Filter>
    </ClInclude>
    <ClInclude Include="Archer.h">
      <Filter>Header Files</Filter>
    </ClInclude>
    <ClInclude Include="Character.h">
      <Filter>Header Files</Filter>
    </ClInclude>
    <ClInclude Include="Controller.h">
      <Filter>Header Files</Filter>
    </ClInclude>
    <ClInclude Include="Fighter.h">
      <Filter>Header Files</Filter>
    </ClInclude>
    <ClInclude Include="Knight.h">
      <Filter>Header Files</Filter>
    </ClInclude>
    <ClInclude Include="Sorcerer.h">
      <Filter>Header Files</Filter>
    </ClInclude>
    <ClInclude Include="Equipment.h">
      <Filter>Header Files</Filter>
    </ClInclude>
    <ClInclude Include="IPController.h">
      <Filter>Header Files</Filter>
    </ClInclude>
    <ClInclude Include="IPModel.h">
      <Filter>Header Files</Filter>
    </ClInclude>
    <ClInclude Include="IPView.h">
      <Filter>Header Files</Filter>
    </ClInclude>
    <ClInclude Include="Item.h">
      <Filter>Header Files</Filter>
    </ClInclude>
    <ClInclude Include="ItemPouch.h">
      <Filter>Header Files</Filter>
    </ClInclude>
    <ClInclude Include="ObservableIP.h">
      <Filter>Header Files</Filter>
    </ClInclude>
    <ClInclude Include="Weapon.h">
      <Filter>Header Files</Filter>
    </ClInclude>
    <ClInclude Include="ChestBuilder.h">
      <Filter>Header Files</Filter>
    </ClInclude>
    <ClInclude Include="LevelChestBuilder.h">
      <Filter>Header Files</Filter>
    </ClInclude>
    <ClInclude Include="ChestMaker.h">
      <Filter>Header Files</Filter>
    </ClInclude>
    <ClInclude Include="..\..\..\..\..\Marouen%27s Laptop\Downloads\Sfml-Celina-11.21.13-01h40\Sfml\Sfml\Builder.h">
      <Filter>Header Files</Filter>
    </ClInclude>
    <ClInclude Include="FighterBullyConcreteBuilder.h">
      <Filter>Header Files</Filter>
    </ClInclude>
    <ClInclude Include="FighterNimbleConcreteBuilder.h">
      <Filter>Header Files</Filter>
    </ClInclude>
    <ClInclude Include="FighterTankConcreteBuilder.h">
      <Filter>Header Files</Filter>
    </ClInclude>
    <ClInclude Include="ArenaMapBuilder.h">
      <Filter>Header Files</Filter>
    </ClInclude>
    <ClInclude Include="Contractor.h">
      <Filter>Header Files</Filter>
    </ClInclude>
    <ClInclude Include="MapBuilder.h">
      <Filter>Header Files</Filter>
    </ClInclude>
    <ClInclude Include="Map.h">
      <Filter>Header Files</Filter>
    </ClInclude>
  </ItemGroup>
  <ItemGroup>
    <ClCompile Include="stdafx.cpp">
      <Filter>Source Files</Filter>
    </ClCompile>
    <ClCompile Include="MapEditor.cpp">
      <Filter>Source Files</Filter>
    </ClCompile>
    <ClCompile Include="Main.cpp">
      <Filter>Source Files</Filter>
    </ClCompile>
    <ClCompile Include="Observer.cpp">
      <Filter>Source Files</Filter>
    </ClCompile>
    <ClCompile Include="ObservableMap.cpp">
      <Filter>Source Files</Filter>
    </ClCompile>
    <ClCompile Include="MEView.cpp">
      <Filter>Source Files</Filter>
    </ClCompile>
    <ClCompile Include="MEModel.cpp">
      <Filter>Source Files</Filter>
    </ClCompile>
    <ClCompile Include="MEController.cpp">
      <Filter>Source Files</Filter>
    </ClCompile>
    <ClCompile Include="Archer.cpp">
      <Filter>Source Files</Filter>
    </ClCompile>
    <ClCompile Include="Character.cpp">
      <Filter>Source Files</Filter>
    </ClCompile>
    <ClCompile Include="Controller.cpp">
      <Filter>Source Files</Filter>
    </ClCompile>
    <ClCompile Include="Fighter.cpp">
      <Filter>Source Files</Filter>
    </ClCompile>
    <ClCompile Include="Knight.cpp">
      <Filter>Source Files</Filter>
    </ClCompile>
    <ClCompile Include="Sorcerer.cpp">
      <Filter>Source Files</Filter>
    </ClCompile>
    <ClCompile Include="Equipment.cpp">
      <Filter>Source Files</Filter>
    </ClCompile>
    <ClCompile Include="IPController.cpp">
      <Filter>Source Files</Filter>
    </ClCompile>
    <ClCompile Include="IPModel.cpp">
      <Filter>Source Files</Filter>
    </ClCompile>
    <ClCompile Include="IPView.cpp">
      <Filter>Source Files</Filter>
    </ClCompile>
    <ClCompile Include="Item.cpp">
      <Filter>Source Files</Filter>
    </ClCompile>
    <ClCompile Include="ItemPouch.cpp">
      <Filter>Source Files</Filter>
    </ClCompile>
    <ClCompile Include="ObservableIP.cpp">
      <Filter>Source Files</Filter>
    </ClCompile>
    <ClCompile Include="Weapon.cpp">
      <Filter>Source Files</Filter>
    </ClCompile>
    <ClCompile Include="FighterBullyConcreteBuilder.cpp">
      <Filter>Source Files</Filter>
    </ClCompile>
    <ClCompile Include="FighterNimbleConcreteBuilder.cpp">
      <Filter>Source Files</Filter>
    </ClCompile>
    <ClCompile Include="FighterTankConcreteBuilder.cpp">
      <Filter>Source Files</Filter>
    </ClCompile>
    <ClCompile Include="Map.cpp">
      <Filter>Source Files</Filter>
    </ClCompile>
  </ItemGroup>
  <ItemGroup>
    <Font Include="..\regular.ttf">
      <Filter>Source Files</Filter>
    </Font>
  </ItemGroup>
</Project>